
Microsoft Visual Studio Solution File, Format Version 12.00
# Visual Studio Version 17
VisualStudioVersion = 17.7.34031.279
MinimumVisualStudioVersion = 10.0.40219.1
Project("{9A19103F-16F7-4668-BE54-9A1E7A4F7556}") = "I02", "I02\I02.csproj", "{504450D6-CB0B-44ED-B780-67F7EF81DE7B}"
EndProject
Project("{2150E333-8FDC-42A3-9474-1A3956D46DE8}") = "01.Introducción a .NET y C#", "01.Introducción a .NET y C#", "{97A8A2EA-BA73-459D-ACEA-7FFF1685770B}"
EndProject
Project("{9A19103F-16F7-4668-BE54-9A1E7A4F7556}") = "I03", "I03\I03.csproj", "{E21151AC-FCA4-4FF3-A4F3-DAA013F2289E}"
EndProject
Project("{9A19103F-16F7-4668-BE54-9A1E7A4F7556}") = "I04", "I04\I04.csproj", "{1FAD88D7-1C73-4B26-90A9-9E3C18C4F9C4}"
EndProject
Project("{2150E333-8FDC-42A3-9474-1A3956D46DE8}") = "02.Clases y Métodos Estáticos", "02.Clases y Métodos Estáticos", "{C8114B04-3E43-4326-A497-2E91F0B6D9B3}"
EndProject
Project("{9A19103F-16F7-4668-BE54-9A1E7A4F7556}") = "2_I01", "I01\2_I01.csproj", "{02EC656B-CD74-4BAC-9C24-F3FFF475454F}"
EndProject
Project("{9A19103F-16F7-4668-BE54-9A1E7A4F7556}") = "2_I02", "2_I02\2_I02.csproj", "{CDA71F9D-BB13-4062-9234-DB4C71295725}"
EndProject
Project("{9A19103F-16F7-4668-BE54-9A1E7A4F7556}") = "2_I04", "2_I04\2_I04.csproj", "{6C4B9B7D-507F-4CC1-A9A6-A658A328A177}"
EndProject
Project("{9A19103F-16F7-4668-BE54-9A1E7A4F7556}") = "2_I05", "2_I05\2_I05.csproj", "{9A48E22B-19A1-4C9A-84EE-8F514B62D82A}"
EndProject
Project("{9A19103F-16F7-4668-BE54-9A1E7A4F7556}") = "2_I06", "2_I06\2_I06.csproj", "{1B73DD76-5706-4E45-8FB4-758EE1F440D2}"
EndProject
Project("{9A19103F-16F7-4668-BE54-9A1E7A4F7556}") = "2_I08", "2_I08\2_I08.csproj", "{0A89550C-7057-4475-B129-0FE5D622A21F}"
EndProject
Project("{2150E333-8FDC-42A3-9474-1A3956D46DE8}") = "08.Herencia", "08.Herencia", "{5424FAB3-0718-4238-97C1-ACECAE45F2D1}"
EndProject
Project("{9A19103F-16F7-4668-BE54-9A1E7A4F7556}") = "8_I01", "8_I01\8_I01.csproj", "{1E77F84D-6750-488C-BC2D-22746365C813}"
EndProject
Project("{9A19103F-16F7-4668-BE54-9A1E7A4F7556}") = "8_C03", "8_C03\8_C03.csproj", "{C5B7F5BB-74B1-4ED2-8DA5-40D6B37442D0}"
EndProject
Project("{9A19103F-16F7-4668-BE54-9A1E7A4F7556}") = "Centralita", "Centralita\Centralita.csproj", "{00715FA7-9509-4FCA-8049-802F4C2607B0}"
EndProject
Project("{2150E333-8FDC-42A3-9474-1A3956D46DE8}") = "06.Colecciones", "06.Colecciones", "{2249F16A-364A-4678-84E0-F101508F8F29}"
EndProject
Project("{9A19103F-16F7-4668-BE54-9A1E7A4F7556}") = "EstadisticaDeportiva", "EstadisticaDeportiva\EstadisticaDeportiva.csproj", "{23D0A8D4-BD90-428A-90DE-F4BB1FC6EF35}"
EndProject
Project("{9A19103F-16F7-4668-BE54-9A1E7A4F7556}") = "6_C01", "6_C01\6_C01.csproj", "{04CCB065-E214-4303-8113-AAEBC8427306}"
EndProject
Project("{2150E333-8FDC-42A3-9474-1A3956D46DE8}") = "07.Encapsulamiento", "07.Encapsulamiento", "{9CD4A885-D436-43EE-925C-1870A6A2CDC7}"
EndProject
Project("{9A19103F-16F7-4668-BE54-9A1E7A4F7556}") = "7_C01", "7_C01\7_C01.csproj", "{95B7144E-066C-4BEE-A442-8C0097198694}"
EndProject
Project("{9A19103F-16F7-4668-BE54-9A1E7A4F7556}") = "JugadoresEncapsulados", "JugadoresEncapsulados\JugadoresEncapsulados.csproj", "{8BF6CEDD-0F67-4B8B-9264-69196D90EC0A}"
EndProject
Project("{2150E333-8FDC-42A3-9474-1A3956D46DE8}") = "09.Polimorfismo", "09.Polimorfismo", "{87676E67-3DD8-4657-BEF2-4504B7D2FAE4}"
EndProject
Project("{9A19103F-16F7-4668-BE54-9A1E7A4F7556}") = "CentralitaII", "CentralitaII\CentralitaII.csproj", "{FE39CE4A-0BE4-4AAF-B875-06D07FF15B5C}"
EndProject
Project("{9A19103F-16F7-4668-BE54-9A1E7A4F7556}") = "9_C01", "9_C01\9_C01.csproj", "{6C41F620-20E0-483A-BFAC-08BF359ECBFD}"
EndProject
Project("{9A19103F-16F7-4668-BE54-9A1E7A4F7556}") = "ElViajarEsUnPlacer", "ElViajarEsUnPlacer\ElViajarEsUnPlacer.csproj", "{E5D64712-FE1B-433F-8412-35580C0C4B85}"
EndProject
Project("{9A19103F-16F7-4668-BE54-9A1E7A4F7556}") = "EnciendanSusMotores", "EnciendanSusMotores\EnciendanSusMotores.csproj", "{A0098FC9-50CE-4079-BBA4-3ADB7E838671}"
EndProject
Project("{9A19103F-16F7-4668-BE54-9A1E7A4F7556}") = "6_C02", "6_C02\6_C02.csproj", "{6C04C95D-C60E-40A2-8494-71F32121AC56}"
EndProject
Project("{9A19103F-16F7-4668-BE54-9A1E7A4F7556}") = "GoSpeedRacerGo", "GoSpeedRacerGo\GoSpeedRacerGo.csproj", "{9EEF4559-FA44-497D-B0B7-90FEFBF58DC5}"
EndProject
Project("{9A19103F-16F7-4668-BE54-9A1E7A4F7556}") = "8_C02", "8_C02\8_C02.csproj", "{EAF336D5-AF6D-4995-9CC7-C1AD884F380C}"
EndProject
Project("{2150E333-8FDC-42A3-9474-1A3956D46DE8}") = "05.Windows Forms", "05.Windows Forms", "{4F99D628-8627-478E-83CE-6AE36C14D0DA}"
EndProject
Project("{9A19103F-16F7-4668-BE54-9A1E7A4F7556}") = "Prueba_WF", "Prueba_WF\Prueba_WF.csproj", "{9964E730-D777-41B1-B0CE-77505CF59DA4}"
EndProject
Project("{2150E333-8FDC-42A3-9474-1A3956D46DE8}") = "Parciales", "Parciales", "{041801AB-C2FF-404F-89BD-ABCADB993B2E}"
EndProject
Project("{9A19103F-16F7-4668-BE54-9A1E7A4F7556}") = "ElDispositivo", "ElDispositivo\ElDispositivo.csproj", "{CFC04CC7-2FE3-4461-8A91-F148F0407965}"
EndProject
Project("{9A19103F-16F7-4668-BE54-9A1E7A4F7556}") = "frmPrimerParcial", "frmPrimerParcial\frmPrimerParcial.csproj", "{3959CD60-2474-41D1-973B-E18ADB2D28C7}"
EndProject
Project("{2150E333-8FDC-42A3-9474-1A3956D46DE8}") = "10.Excepciones", "10.Excepciones", "{6105719C-B272-44DD-B628-B044DE6251C6}"
EndProject
Project("{9A19103F-16F7-4668-BE54-9A1E7A4F7556}") = "10_I01", "10_I01\10_I01.csproj", "{6477F5F9-D40F-4D01-AD09-82A4546799EC}"
EndProject
Project("{9A19103F-16F7-4668-BE54-9A1E7A4F7556}") = "LanzarYAtrapar", "LanzarYAtrapar\LanzarYAtrapar.csproj", "{A61EF309-AB7C-4E64-9B34-AC3D5B5DABEE}"
EndProject
Project("{9A19103F-16F7-4668-BE54-9A1E7A4F7556}") = "10_I02", "10_I02\10_I02.csproj", "{1C466193-B726-40BE-B721-5669767BD06A}"
EndProject
Project("{9A19103F-16F7-4668-BE54-9A1E7A4F7556}") = "FormCentralita", "FrmMenu\FormCentralita.csproj", "{5849E6EE-AD0B-40D6-ACE9-44F6BFEF4F76}"
EndProject
Project("{2150E333-8FDC-42A3-9474-1A3956D46DE8}") = "14.Archivos", "14.Archivos", "{E3362F9B-4C15-4D3D-B076-D1ED7614FBD7}"
EndProject
Project("{9A19103F-16F7-4668-BE54-9A1E7A4F7556}") = "14_I03", "14_I03\14_I03.csproj", "{E184AB73-ADCB-44A9-A104-6DC4598FAE40}"
EndProject
Project("{2150E333-8FDC-42A3-9474-1A3956D46DE8}") = "17.Delegados", "17.Delegados", "{4A98A925-1AFD-4E83-B864-CB80AB529EB8}"
EndProject
Project("{9A19103F-16F7-4668-BE54-9A1E7A4F7556}") = "Consola", "Consola\Consola.csproj", "{A7B8CDBC-E5D4-4B17-932E-2D7A7484D788}"
EndProject
Project("{2150E333-8FDC-42A3-9474-1A3956D46DE8}") = "Parcial2", "Parcial2", "{DCB3D7A4-208C-4F2C-9A9F-ED3F514E5961}"
EndProject
Project("{9A19103F-16F7-4668-BE54-9A1E7A4F7556}") = "Formulario", "Formulario\Formulario.csproj", "{E165A4B1-B9AD-4A3D-9832-F5EC7DE25F45}"
EndProject
Project("{9A19103F-16F7-4668-BE54-9A1E7A4F7556}") = "Entidades", "Entidades\Entidades.csproj", "{76F6BFD7-6EEE-484D-A489-CD31555EA40F}"
EndProject
Project("{2150E333-8FDC-42A3-9474-1A3956D46DE8}") = "Ejemplos", "Ejemplos", "{E29E6ABF-4848-47E7-9BA6-183F79E55990}"
EndProject
Project("{9A19103F-16F7-4668-BE54-9A1E7A4F7556}") = "bdc_Ejemplos", "Archivos\bdc_Ejemplos.csproj", "{F96611D4-42B7-4882-BA44-12201A5D73AF}"
EndProject
Project("{2150E333-8FDC-42A3-9474-1A3956D46DE8}") = "15.Serializacion", "15.Serializacion", "{5289F00A-EB8F-4DFC-8877-DDBCA5FF0897}"
EndProject
Project("{9A19103F-16F7-4668-BE54-9A1E7A4F7556}") = "FormsLaListaDelSuper", "FormsLaListaDelSuper\FormsLaListaDelSuper.csproj", "{B52F9478-0C0E-4989-B589-548769F49623}"
EndProject
Project("{2150E333-8FDC-42A3-9474-1A3956D46DE8}") = "Enciendan sus Motores", "Enciendan sus Motores", "{0B649A23-E932-4066-BB5B-78D5345151F5}"
EndProject
Project("{2150E333-8FDC-42A3-9474-1A3956D46DE8}") = "Estadistica Deportiva", "Estadistica Deportiva", "{1E94D273-DEDA-4F65-9666-C8D514843EA2}"
EndProject
Project("{2150E333-8FDC-42A3-9474-1A3956D46DE8}") = "Jugadores Encapsulados", "Jugadores Encapsulados", "{5703FB6A-3FBE-49D6-8952-E0AC82D098EE}"
EndProject
Project("{2150E333-8FDC-42A3-9474-1A3956D46DE8}") = "La Centralita E1", "La Centralita E1", "{F722CEA2-E13E-472E-B6B1-7E14BCF6253F}"
EndProject
Project("{2150E333-8FDC-42A3-9474-1A3956D46DE8}") = "El Viajar es un Placer", "El Viajar es un Placer", "{E10190BE-E2A7-45E3-A2AA-25673191BEF6}"
EndProject
Project("{2150E333-8FDC-42A3-9474-1A3956D46DE8}") = "Go Speed Racer Go", "Go Speed Racer Go", "{A9A73432-EED6-4D4C-A2FC-6EF080DA0C91}"
EndProject
Project("{2150E333-8FDC-42A3-9474-1A3956D46DE8}") = "La Centralita E3", "La Centralita E3", "{11E2A57B-6F93-43BD-BF7B-4367192EE646}"
EndProject
Project("{9A19103F-16F7-4668-BE54-9A1E7A4F7556}") = "CentralitaIII_Entidades", "CentralitaIII_Entidades\CentralitaIII_Entidades.csproj", "{DC6C8BC6-759F-48A1-B485-5C10682CCB38}"
EndProject
Project("{9A19103F-16F7-4668-BE54-9A1E7A4F7556}") = "CentralitaIII_Forms", "CentralitaIII_Forms\CentralitaIII_Forms.csproj", "{E7D7D795-7481-4A87-A3EC-082B413681B5}"
EndProject
Project("{9A19103F-16F7-4668-BE54-9A1E7A4F7556}") = "CentralitaIII_Consola", "CentralitaIII_Consola\CentralitaIII_Consola.csproj", "{6EB9E7B9-EAEC-4B66-86F1-93729135258B}"
EndProject
Project("{2150E333-8FDC-42A3-9474-1A3956D46DE8}") = "11.Pruebas Unitarias", "11.Pruebas Unitarias", "{D4930142-3857-4695-8ACF-E3E53BFE2D85}"
EndProject
Project("{9A19103F-16F7-4668-BE54-9A1E7A4F7556}") = "CentralitaIV_Entidades", "CentralitaIV_Entidades\CentralitaIV_Entidades.csproj", "{5620FE62-ECAF-44EF-9761-664C2CF932A6}"
EndProject
Project("{9A19103F-16F7-4668-BE54-9A1E7A4F7556}") = "CentralitaIV_Forms", "CentralitaIV_Forms\CentralitaIV_Forms.csproj", "{BFB1E3F4-6577-475B-93B5-9D01556D94F1}"
EndProject
Project("{9A19103F-16F7-4668-BE54-9A1E7A4F7556}") = "CentralitaIV_Consola", "CentralitaIV_Consola\CentralitaIV_Consola.csproj", "{D9299E81-6760-4A33-8ECF-242C3853D50F}"
EndProject
Project("{9A19103F-16F7-4668-BE54-9A1E7A4F7556}") = "CentralitaIV_TestUnitarios", "CentralitaIV_TestUnitarios\CentralitaIV_TestUnitarios.csproj", "{8446D3DE-2475-4904-8DF5-C79E7B24F0CC}"
EndProject
Project("{2150E333-8FDC-42A3-9474-1A3956D46DE8}") = "13.Interfaces", "13.Interfaces", "{5301EDFE-B323-435D-8EFD-D1472719F6C5}"
EndProject
Project("{9A19103F-16F7-4668-BE54-9A1E7A4F7556}") = "CentralitaV_Consola", "CentralitaV_Consola\CentralitaV_Consola.csproj", "{9CFBF53A-938B-4670-A663-48D69B20907B}"
EndProject
Project("{9A19103F-16F7-4668-BE54-9A1E7A4F7556}") = "CentralitaV_Entidades", "CentralitaV_Entidades\CentralitaV_Entidades.csproj", "{E577D666-71C4-4DA2-A712-C602A8440EBE}"
EndProject
Project("{9A19103F-16F7-4668-BE54-9A1E7A4F7556}") = "CentralitaV_Forms", "CentralitaV_Forms\CentralitaV_Forms.csproj", "{C54C70AA-1837-492C-8BA5-104C30AD4EDF}"
EndProject
Project("{9A19103F-16F7-4668-BE54-9A1E7A4F7556}") = "CentralitaVI_Entidades", "CentralitaVI_Entidades\CentralitaVI_Entidades.csproj", "{86A4E7F3-AC7C-47CE-9864-091CAB2497A4}"
EndProject
Project("{9A19103F-16F7-4668-BE54-9A1E7A4F7556}") = "CentralitaVI_Forms", "CentralitaVI_Forms\CentralitaVI_Forms.csproj", "{4D5DEDBA-4E68-45F3-ACCF-07EB108C0861}"
EndProject
Project("{9A19103F-16F7-4668-BE54-9A1E7A4F7556}") = "CentralitaVI_Consola", "CentralitaVI_Consola\CentralitaVI_Consola.csproj", "{DDE13A48-BBFB-4A71-A2CB-DC3096511FA0}"
EndProject
Project("{9A19103F-16F7-4668-BE54-9A1E7A4F7556}") = "CentralitaVII_Entidades", "CentralitaVII_Entidades\CentralitaVII_Entidades.csproj", "{C4E0A844-0681-4FF2-81C7-5A07C47F92FE}"
EndProject
Project("{9A19103F-16F7-4668-BE54-9A1E7A4F7556}") = "CentralitaVII_Forms", "CentralitaVII_Forms\CentralitaVII_Forms.csproj", "{D5872DDD-0E17-46A4-AD38-2B668C779B14}"
EndProject
Project("{2150E333-8FDC-42A3-9474-1A3956D46DE8}") = "Centralita", "Centralita", "{B1BDF45A-DB63-41BF-A31F-9F7F792D8DEE}"
EndProject
Project("{9A19103F-16F7-4668-BE54-9A1E7A4F7556}") = "CentralitaVII_Consola", "CentralitaVII_Consola\CentralitaVII_Consola.csproj", "{214C49F4-3941-4B37-89AD-C2024E8DB0FA}"
EndProject
Project("{2150E333-8FDC-42A3-9474-1A3956D46DE8}") = "16.Conexion a Base de Datos", "16.Conexion a Base de Datos", "{25924455-4792-4ACD-A79F-ACBD22DBADB9}"
EndProject
Project("{9A19103F-16F7-4668-BE54-9A1E7A4F7556}") = "CRUD_Forms", "CRUD_Forms\CRUD_Forms.csproj", "{F3A775E4-9CE6-4781-8212-5D7922F8A946}"
EndProject
Project("{9A19103F-16F7-4668-BE54-9A1E7A4F7556}") = "CRUD_Entidades", "CRUD_Entidades\CRUD_Entidades.csproj", "{C5F2C9DB-79EB-402A-B423-EAD58C4ABE87}"
EndProject
Project("{2150E333-8FDC-42A3-9474-1A3956D46DE8}") = "I02_El_Comparador", "I02_El_Comparador", "{083A8185-0AEA-4F27-AC96-9DE94C27A47F}"
EndProject
Project("{2150E333-8FDC-42A3-9474-1A3956D46DE8}") = "I01_El_Delegado", "I01_El_Delegado", "{556CEE89-84F5-4273-961C-41EC4460DA59}"
EndProject
Project("{FAE04EC0-301F-11D3-BF4B-00C04F79EFBC}") = "I02_Consola", "I02_Consola\I02_Consola.csproj", "{C33F95A5-F3CF-4315-B428-23F8D1362CBF}"
EndProject
Global
	GlobalSection(SolutionConfigurationPlatforms) = preSolution
		Debug|Any CPU = Debug|Any CPU
		Release|Any CPU = Release|Any CPU
	EndGlobalSection
	GlobalSection(ProjectConfigurationPlatforms) = postSolution
		{504450D6-CB0B-44ED-B780-67F7EF81DE7B}.Debug|Any CPU.ActiveCfg = Debug|Any CPU
		{504450D6-CB0B-44ED-B780-67F7EF81DE7B}.Debug|Any CPU.Build.0 = Debug|Any CPU
		{504450D6-CB0B-44ED-B780-67F7EF81DE7B}.Release|Any CPU.ActiveCfg = Release|Any CPU
		{504450D6-CB0B-44ED-B780-67F7EF81DE7B}.Release|Any CPU.Build.0 = Release|Any CPU
		{E21151AC-FCA4-4FF3-A4F3-DAA013F2289E}.Debug|Any CPU.ActiveCfg = Debug|Any CPU
		{E21151AC-FCA4-4FF3-A4F3-DAA013F2289E}.Debug|Any CPU.Build.0 = Debug|Any CPU
		{E21151AC-FCA4-4FF3-A4F3-DAA013F2289E}.Release|Any CPU.ActiveCfg = Release|Any CPU
		{E21151AC-FCA4-4FF3-A4F3-DAA013F2289E}.Release|Any CPU.Build.0 = Release|Any CPU
		{1FAD88D7-1C73-4B26-90A9-9E3C18C4F9C4}.Debug|Any CPU.ActiveCfg = Debug|Any CPU
		{1FAD88D7-1C73-4B26-90A9-9E3C18C4F9C4}.Debug|Any CPU.Build.0 = Debug|Any CPU
		{1FAD88D7-1C73-4B26-90A9-9E3C18C4F9C4}.Release|Any CPU.ActiveCfg = Release|Any CPU
		{1FAD88D7-1C73-4B26-90A9-9E3C18C4F9C4}.Release|Any CPU.Build.0 = Release|Any CPU
		{02EC656B-CD74-4BAC-9C24-F3FFF475454F}.Debug|Any CPU.ActiveCfg = Debug|Any CPU
		{02EC656B-CD74-4BAC-9C24-F3FFF475454F}.Debug|Any CPU.Build.0 = Debug|Any CPU
		{02EC656B-CD74-4BAC-9C24-F3FFF475454F}.Release|Any CPU.ActiveCfg = Release|Any CPU
		{02EC656B-CD74-4BAC-9C24-F3FFF475454F}.Release|Any CPU.Build.0 = Release|Any CPU
		{CDA71F9D-BB13-4062-9234-DB4C71295725}.Debug|Any CPU.ActiveCfg = Debug|Any CPU
		{CDA71F9D-BB13-4062-9234-DB4C71295725}.Debug|Any CPU.Build.0 = Debug|Any CPU
		{CDA71F9D-BB13-4062-9234-DB4C71295725}.Release|Any CPU.ActiveCfg = Release|Any CPU
		{CDA71F9D-BB13-4062-9234-DB4C71295725}.Release|Any CPU.Build.0 = Release|Any CPU
		{6C4B9B7D-507F-4CC1-A9A6-A658A328A177}.Debug|Any CPU.ActiveCfg = Debug|Any CPU
		{6C4B9B7D-507F-4CC1-A9A6-A658A328A177}.Debug|Any CPU.Build.0 = Debug|Any CPU
		{6C4B9B7D-507F-4CC1-A9A6-A658A328A177}.Release|Any CPU.ActiveCfg = Release|Any CPU
		{6C4B9B7D-507F-4CC1-A9A6-A658A328A177}.Release|Any CPU.Build.0 = Release|Any CPU
		{9A48E22B-19A1-4C9A-84EE-8F514B62D82A}.Debug|Any CPU.ActiveCfg = Debug|Any CPU
		{9A48E22B-19A1-4C9A-84EE-8F514B62D82A}.Debug|Any CPU.Build.0 = Debug|Any CPU
		{9A48E22B-19A1-4C9A-84EE-8F514B62D82A}.Release|Any CPU.ActiveCfg = Release|Any CPU
		{9A48E22B-19A1-4C9A-84EE-8F514B62D82A}.Release|Any CPU.Build.0 = Release|Any CPU
		{1B73DD76-5706-4E45-8FB4-758EE1F440D2}.Debug|Any CPU.ActiveCfg = Debug|Any CPU
		{1B73DD76-5706-4E45-8FB4-758EE1F440D2}.Debug|Any CPU.Build.0 = Debug|Any CPU
		{1B73DD76-5706-4E45-8FB4-758EE1F440D2}.Release|Any CPU.ActiveCfg = Release|Any CPU
		{1B73DD76-5706-4E45-8FB4-758EE1F440D2}.Release|Any CPU.Build.0 = Release|Any CPU
		{0A89550C-7057-4475-B129-0FE5D622A21F}.Debug|Any CPU.ActiveCfg = Debug|Any CPU
		{0A89550C-7057-4475-B129-0FE5D622A21F}.Debug|Any CPU.Build.0 = Debug|Any CPU
		{0A89550C-7057-4475-B129-0FE5D622A21F}.Release|Any CPU.ActiveCfg = Release|Any CPU
		{0A89550C-7057-4475-B129-0FE5D622A21F}.Release|Any CPU.Build.0 = Release|Any CPU
		{1E77F84D-6750-488C-BC2D-22746365C813}.Debug|Any CPU.ActiveCfg = Debug|Any CPU
		{1E77F84D-6750-488C-BC2D-22746365C813}.Debug|Any CPU.Build.0 = Debug|Any CPU
		{1E77F84D-6750-488C-BC2D-22746365C813}.Release|Any CPU.ActiveCfg = Release|Any CPU
		{1E77F84D-6750-488C-BC2D-22746365C813}.Release|Any CPU.Build.0 = Release|Any CPU
		{C5B7F5BB-74B1-4ED2-8DA5-40D6B37442D0}.Debug|Any CPU.ActiveCfg = Debug|Any CPU
		{C5B7F5BB-74B1-4ED2-8DA5-40D6B37442D0}.Debug|Any CPU.Build.0 = Debug|Any CPU
		{C5B7F5BB-74B1-4ED2-8DA5-40D6B37442D0}.Release|Any CPU.ActiveCfg = Release|Any CPU
		{C5B7F5BB-74B1-4ED2-8DA5-40D6B37442D0}.Release|Any CPU.Build.0 = Release|Any CPU
		{00715FA7-9509-4FCA-8049-802F4C2607B0}.Debug|Any CPU.ActiveCfg = Debug|Any CPU
		{00715FA7-9509-4FCA-8049-802F4C2607B0}.Debug|Any CPU.Build.0 = Debug|Any CPU
		{00715FA7-9509-4FCA-8049-802F4C2607B0}.Release|Any CPU.ActiveCfg = Release|Any CPU
		{00715FA7-9509-4FCA-8049-802F4C2607B0}.Release|Any CPU.Build.0 = Release|Any CPU
		{23D0A8D4-BD90-428A-90DE-F4BB1FC6EF35}.Debug|Any CPU.ActiveCfg = Debug|Any CPU
		{23D0A8D4-BD90-428A-90DE-F4BB1FC6EF35}.Debug|Any CPU.Build.0 = Debug|Any CPU
		{23D0A8D4-BD90-428A-90DE-F4BB1FC6EF35}.Release|Any CPU.ActiveCfg = Release|Any CPU
		{23D0A8D4-BD90-428A-90DE-F4BB1FC6EF35}.Release|Any CPU.Build.0 = Release|Any CPU
		{04CCB065-E214-4303-8113-AAEBC8427306}.Debug|Any CPU.ActiveCfg = Debug|Any CPU
		{04CCB065-E214-4303-8113-AAEBC8427306}.Debug|Any CPU.Build.0 = Debug|Any CPU
		{04CCB065-E214-4303-8113-AAEBC8427306}.Release|Any CPU.ActiveCfg = Release|Any CPU
		{04CCB065-E214-4303-8113-AAEBC8427306}.Release|Any CPU.Build.0 = Release|Any CPU
		{95B7144E-066C-4BEE-A442-8C0097198694}.Debug|Any CPU.ActiveCfg = Debug|Any CPU
		{95B7144E-066C-4BEE-A442-8C0097198694}.Debug|Any CPU.Build.0 = Debug|Any CPU
		{95B7144E-066C-4BEE-A442-8C0097198694}.Release|Any CPU.ActiveCfg = Release|Any CPU
		{95B7144E-066C-4BEE-A442-8C0097198694}.Release|Any CPU.Build.0 = Release|Any CPU
		{8BF6CEDD-0F67-4B8B-9264-69196D90EC0A}.Debug|Any CPU.ActiveCfg = Debug|Any CPU
		{8BF6CEDD-0F67-4B8B-9264-69196D90EC0A}.Debug|Any CPU.Build.0 = Debug|Any CPU
		{8BF6CEDD-0F67-4B8B-9264-69196D90EC0A}.Release|Any CPU.ActiveCfg = Release|Any CPU
		{8BF6CEDD-0F67-4B8B-9264-69196D90EC0A}.Release|Any CPU.Build.0 = Release|Any CPU
		{FE39CE4A-0BE4-4AAF-B875-06D07FF15B5C}.Debug|Any CPU.ActiveCfg = Debug|Any CPU
		{FE39CE4A-0BE4-4AAF-B875-06D07FF15B5C}.Debug|Any CPU.Build.0 = Debug|Any CPU
		{FE39CE4A-0BE4-4AAF-B875-06D07FF15B5C}.Release|Any CPU.ActiveCfg = Release|Any CPU
		{FE39CE4A-0BE4-4AAF-B875-06D07FF15B5C}.Release|Any CPU.Build.0 = Release|Any CPU
		{6C41F620-20E0-483A-BFAC-08BF359ECBFD}.Debug|Any CPU.ActiveCfg = Debug|Any CPU
		{6C41F620-20E0-483A-BFAC-08BF359ECBFD}.Debug|Any CPU.Build.0 = Debug|Any CPU
		{6C41F620-20E0-483A-BFAC-08BF359ECBFD}.Release|Any CPU.ActiveCfg = Release|Any CPU
		{6C41F620-20E0-483A-BFAC-08BF359ECBFD}.Release|Any CPU.Build.0 = Release|Any CPU
		{E5D64712-FE1B-433F-8412-35580C0C4B85}.Debug|Any CPU.ActiveCfg = Debug|Any CPU
		{E5D64712-FE1B-433F-8412-35580C0C4B85}.Debug|Any CPU.Build.0 = Debug|Any CPU
		{E5D64712-FE1B-433F-8412-35580C0C4B85}.Release|Any CPU.ActiveCfg = Release|Any CPU
		{E5D64712-FE1B-433F-8412-35580C0C4B85}.Release|Any CPU.Build.0 = Release|Any CPU
		{A0098FC9-50CE-4079-BBA4-3ADB7E838671}.Debug|Any CPU.ActiveCfg = Debug|Any CPU
		{A0098FC9-50CE-4079-BBA4-3ADB7E838671}.Debug|Any CPU.Build.0 = Debug|Any CPU
		{A0098FC9-50CE-4079-BBA4-3ADB7E838671}.Release|Any CPU.ActiveCfg = Release|Any CPU
		{A0098FC9-50CE-4079-BBA4-3ADB7E838671}.Release|Any CPU.Build.0 = Release|Any CPU
		{6C04C95D-C60E-40A2-8494-71F32121AC56}.Debug|Any CPU.ActiveCfg = Debug|Any CPU
		{6C04C95D-C60E-40A2-8494-71F32121AC56}.Debug|Any CPU.Build.0 = Debug|Any CPU
		{6C04C95D-C60E-40A2-8494-71F32121AC56}.Release|Any CPU.ActiveCfg = Release|Any CPU
		{6C04C95D-C60E-40A2-8494-71F32121AC56}.Release|Any CPU.Build.0 = Release|Any CPU
		{9EEF4559-FA44-497D-B0B7-90FEFBF58DC5}.Debug|Any CPU.ActiveCfg = Debug|Any CPU
		{9EEF4559-FA44-497D-B0B7-90FEFBF58DC5}.Debug|Any CPU.Build.0 = Debug|Any CPU
		{9EEF4559-FA44-497D-B0B7-90FEFBF58DC5}.Release|Any CPU.ActiveCfg = Release|Any CPU
		{9EEF4559-FA44-497D-B0B7-90FEFBF58DC5}.Release|Any CPU.Build.0 = Release|Any CPU
		{EAF336D5-AF6D-4995-9CC7-C1AD884F380C}.Debug|Any CPU.ActiveCfg = Debug|Any CPU
		{EAF336D5-AF6D-4995-9CC7-C1AD884F380C}.Debug|Any CPU.Build.0 = Debug|Any CPU
		{EAF336D5-AF6D-4995-9CC7-C1AD884F380C}.Release|Any CPU.ActiveCfg = Release|Any CPU
		{EAF336D5-AF6D-4995-9CC7-C1AD884F380C}.Release|Any CPU.Build.0 = Release|Any CPU
		{9964E730-D777-41B1-B0CE-77505CF59DA4}.Debug|Any CPU.ActiveCfg = Debug|Any CPU
		{9964E730-D777-41B1-B0CE-77505CF59DA4}.Debug|Any CPU.Build.0 = Debug|Any CPU
		{9964E730-D777-41B1-B0CE-77505CF59DA4}.Release|Any CPU.ActiveCfg = Release|Any CPU
		{9964E730-D777-41B1-B0CE-77505CF59DA4}.Release|Any CPU.Build.0 = Release|Any CPU
		{CFC04CC7-2FE3-4461-8A91-F148F0407965}.Debug|Any CPU.ActiveCfg = Debug|Any CPU
		{CFC04CC7-2FE3-4461-8A91-F148F0407965}.Debug|Any CPU.Build.0 = Debug|Any CPU
		{CFC04CC7-2FE3-4461-8A91-F148F0407965}.Release|Any CPU.ActiveCfg = Release|Any CPU
		{CFC04CC7-2FE3-4461-8A91-F148F0407965}.Release|Any CPU.Build.0 = Release|Any CPU
		{3959CD60-2474-41D1-973B-E18ADB2D28C7}.Debug|Any CPU.ActiveCfg = Debug|Any CPU
		{3959CD60-2474-41D1-973B-E18ADB2D28C7}.Debug|Any CPU.Build.0 = Debug|Any CPU
		{3959CD60-2474-41D1-973B-E18ADB2D28C7}.Release|Any CPU.ActiveCfg = Release|Any CPU
		{3959CD60-2474-41D1-973B-E18ADB2D28C7}.Release|Any CPU.Build.0 = Release|Any CPU
		{6477F5F9-D40F-4D01-AD09-82A4546799EC}.Debug|Any CPU.ActiveCfg = Debug|Any CPU
		{6477F5F9-D40F-4D01-AD09-82A4546799EC}.Debug|Any CPU.Build.0 = Debug|Any CPU
		{6477F5F9-D40F-4D01-AD09-82A4546799EC}.Release|Any CPU.ActiveCfg = Release|Any CPU
		{6477F5F9-D40F-4D01-AD09-82A4546799EC}.Release|Any CPU.Build.0 = Release|Any CPU
		{A61EF309-AB7C-4E64-9B34-AC3D5B5DABEE}.Debug|Any CPU.ActiveCfg = Debug|Any CPU
		{A61EF309-AB7C-4E64-9B34-AC3D5B5DABEE}.Debug|Any CPU.Build.0 = Debug|Any CPU
		{A61EF309-AB7C-4E64-9B34-AC3D5B5DABEE}.Release|Any CPU.ActiveCfg = Release|Any CPU
		{A61EF309-AB7C-4E64-9B34-AC3D5B5DABEE}.Release|Any CPU.Build.0 = Release|Any CPU
		{1C466193-B726-40BE-B721-5669767BD06A}.Debug|Any CPU.ActiveCfg = Debug|Any CPU
		{1C466193-B726-40BE-B721-5669767BD06A}.Debug|Any CPU.Build.0 = Debug|Any CPU
		{1C466193-B726-40BE-B721-5669767BD06A}.Release|Any CPU.ActiveCfg = Release|Any CPU
		{1C466193-B726-40BE-B721-5669767BD06A}.Release|Any CPU.Build.0 = Release|Any CPU
		{5849E6EE-AD0B-40D6-ACE9-44F6BFEF4F76}.Debug|Any CPU.ActiveCfg = Debug|Any CPU
		{5849E6EE-AD0B-40D6-ACE9-44F6BFEF4F76}.Debug|Any CPU.Build.0 = Debug|Any CPU
		{5849E6EE-AD0B-40D6-ACE9-44F6BFEF4F76}.Release|Any CPU.ActiveCfg = Release|Any CPU
		{5849E6EE-AD0B-40D6-ACE9-44F6BFEF4F76}.Release|Any CPU.Build.0 = Release|Any CPU
		{E184AB73-ADCB-44A9-A104-6DC4598FAE40}.Debug|Any CPU.ActiveCfg = Debug|Any CPU
		{E184AB73-ADCB-44A9-A104-6DC4598FAE40}.Debug|Any CPU.Build.0 = Debug|Any CPU
		{E184AB73-ADCB-44A9-A104-6DC4598FAE40}.Release|Any CPU.ActiveCfg = Release|Any CPU
		{E184AB73-ADCB-44A9-A104-6DC4598FAE40}.Release|Any CPU.Build.0 = Release|Any CPU
		{A7B8CDBC-E5D4-4B17-932E-2D7A7484D788}.Debug|Any CPU.ActiveCfg = Debug|Any CPU
		{A7B8CDBC-E5D4-4B17-932E-2D7A7484D788}.Debug|Any CPU.Build.0 = Debug|Any CPU
		{A7B8CDBC-E5D4-4B17-932E-2D7A7484D788}.Release|Any CPU.ActiveCfg = Release|Any CPU
		{A7B8CDBC-E5D4-4B17-932E-2D7A7484D788}.Release|Any CPU.Build.0 = Release|Any CPU
		{E165A4B1-B9AD-4A3D-9832-F5EC7DE25F45}.Debug|Any CPU.ActiveCfg = Debug|Any CPU
		{E165A4B1-B9AD-4A3D-9832-F5EC7DE25F45}.Debug|Any CPU.Build.0 = Debug|Any CPU
		{E165A4B1-B9AD-4A3D-9832-F5EC7DE25F45}.Release|Any CPU.ActiveCfg = Release|Any CPU
		{E165A4B1-B9AD-4A3D-9832-F5EC7DE25F45}.Release|Any CPU.Build.0 = Release|Any CPU
		{76F6BFD7-6EEE-484D-A489-CD31555EA40F}.Debug|Any CPU.ActiveCfg = Debug|Any CPU
		{76F6BFD7-6EEE-484D-A489-CD31555EA40F}.Debug|Any CPU.Build.0 = Debug|Any CPU
		{76F6BFD7-6EEE-484D-A489-CD31555EA40F}.Release|Any CPU.ActiveCfg = Release|Any CPU
		{76F6BFD7-6EEE-484D-A489-CD31555EA40F}.Release|Any CPU.Build.0 = Release|Any CPU
		{F96611D4-42B7-4882-BA44-12201A5D73AF}.Debug|Any CPU.ActiveCfg = Debug|Any CPU
		{F96611D4-42B7-4882-BA44-12201A5D73AF}.Debug|Any CPU.Build.0 = Debug|Any CPU
		{F96611D4-42B7-4882-BA44-12201A5D73AF}.Release|Any CPU.ActiveCfg = Release|Any CPU
		{F96611D4-42B7-4882-BA44-12201A5D73AF}.Release|Any CPU.Build.0 = Release|Any CPU
		{B52F9478-0C0E-4989-B589-548769F49623}.Debug|Any CPU.ActiveCfg = Debug|Any CPU
		{B52F9478-0C0E-4989-B589-548769F49623}.Debug|Any CPU.Build.0 = Debug|Any CPU
		{B52F9478-0C0E-4989-B589-548769F49623}.Release|Any CPU.ActiveCfg = Release|Any CPU
		{B52F9478-0C0E-4989-B589-548769F49623}.Release|Any CPU.Build.0 = Release|Any CPU
		{DC6C8BC6-759F-48A1-B485-5C10682CCB38}.Debug|Any CPU.ActiveCfg = Debug|Any CPU
		{DC6C8BC6-759F-48A1-B485-5C10682CCB38}.Debug|Any CPU.Build.0 = Debug|Any CPU
		{DC6C8BC6-759F-48A1-B485-5C10682CCB38}.Release|Any CPU.ActiveCfg = Release|Any CPU
		{DC6C8BC6-759F-48A1-B485-5C10682CCB38}.Release|Any CPU.Build.0 = Release|Any CPU
		{E7D7D795-7481-4A87-A3EC-082B413681B5}.Debug|Any CPU.ActiveCfg = Debug|Any CPU
		{E7D7D795-7481-4A87-A3EC-082B413681B5}.Debug|Any CPU.Build.0 = Debug|Any CPU
		{E7D7D795-7481-4A87-A3EC-082B413681B5}.Release|Any CPU.ActiveCfg = Release|Any CPU
		{E7D7D795-7481-4A87-A3EC-082B413681B5}.Release|Any CPU.Build.0 = Release|Any CPU
		{6EB9E7B9-EAEC-4B66-86F1-93729135258B}.Debug|Any CPU.ActiveCfg = Debug|Any CPU
		{6EB9E7B9-EAEC-4B66-86F1-93729135258B}.Debug|Any CPU.Build.0 = Debug|Any CPU
		{6EB9E7B9-EAEC-4B66-86F1-93729135258B}.Release|Any CPU.ActiveCfg = Release|Any CPU
		{6EB9E7B9-EAEC-4B66-86F1-93729135258B}.Release|Any CPU.Build.0 = Release|Any CPU
		{5620FE62-ECAF-44EF-9761-664C2CF932A6}.Debug|Any CPU.ActiveCfg = Debug|Any CPU
		{5620FE62-ECAF-44EF-9761-664C2CF932A6}.Debug|Any CPU.Build.0 = Debug|Any CPU
		{5620FE62-ECAF-44EF-9761-664C2CF932A6}.Release|Any CPU.ActiveCfg = Release|Any CPU
		{5620FE62-ECAF-44EF-9761-664C2CF932A6}.Release|Any CPU.Build.0 = Release|Any CPU
		{BFB1E3F4-6577-475B-93B5-9D01556D94F1}.Debug|Any CPU.ActiveCfg = Debug|Any CPU
		{BFB1E3F4-6577-475B-93B5-9D01556D94F1}.Debug|Any CPU.Build.0 = Debug|Any CPU
		{BFB1E3F4-6577-475B-93B5-9D01556D94F1}.Release|Any CPU.ActiveCfg = Release|Any CPU
		{BFB1E3F4-6577-475B-93B5-9D01556D94F1}.Release|Any CPU.Build.0 = Release|Any CPU
		{D9299E81-6760-4A33-8ECF-242C3853D50F}.Debug|Any CPU.ActiveCfg = Debug|Any CPU
		{D9299E81-6760-4A33-8ECF-242C3853D50F}.Debug|Any CPU.Build.0 = Debug|Any CPU
		{D9299E81-6760-4A33-8ECF-242C3853D50F}.Release|Any CPU.ActiveCfg = Release|Any CPU
		{D9299E81-6760-4A33-8ECF-242C3853D50F}.Release|Any CPU.Build.0 = Release|Any CPU
		{8446D3DE-2475-4904-8DF5-C79E7B24F0CC}.Debug|Any CPU.ActiveCfg = Debug|Any CPU
		{8446D3DE-2475-4904-8DF5-C79E7B24F0CC}.Debug|Any CPU.Build.0 = Debug|Any CPU
		{8446D3DE-2475-4904-8DF5-C79E7B24F0CC}.Release|Any CPU.ActiveCfg = Release|Any CPU
		{8446D3DE-2475-4904-8DF5-C79E7B24F0CC}.Release|Any CPU.Build.0 = Release|Any CPU
		{9CFBF53A-938B-4670-A663-48D69B20907B}.Debug|Any CPU.ActiveCfg = Debug|Any CPU
		{9CFBF53A-938B-4670-A663-48D69B20907B}.Debug|Any CPU.Build.0 = Debug|Any CPU
		{9CFBF53A-938B-4670-A663-48D69B20907B}.Release|Any CPU.ActiveCfg = Release|Any CPU
		{9CFBF53A-938B-4670-A663-48D69B20907B}.Release|Any CPU.Build.0 = Release|Any CPU
		{E577D666-71C4-4DA2-A712-C602A8440EBE}.Debug|Any CPU.ActiveCfg = Debug|Any CPU
		{E577D666-71C4-4DA2-A712-C602A8440EBE}.Debug|Any CPU.Build.0 = Debug|Any CPU
		{E577D666-71C4-4DA2-A712-C602A8440EBE}.Release|Any CPU.ActiveCfg = Release|Any CPU
		{E577D666-71C4-4DA2-A712-C602A8440EBE}.Release|Any CPU.Build.0 = Release|Any CPU
		{C54C70AA-1837-492C-8BA5-104C30AD4EDF}.Debug|Any CPU.ActiveCfg = Debug|Any CPU
		{C54C70AA-1837-492C-8BA5-104C30AD4EDF}.Debug|Any CPU.Build.0 = Debug|Any CPU
		{C54C70AA-1837-492C-8BA5-104C30AD4EDF}.Release|Any CPU.ActiveCfg = Release|Any CPU
		{C54C70AA-1837-492C-8BA5-104C30AD4EDF}.Release|Any CPU.Build.0 = Release|Any CPU
		{86A4E7F3-AC7C-47CE-9864-091CAB2497A4}.Debug|Any CPU.ActiveCfg = Debug|Any CPU
		{86A4E7F3-AC7C-47CE-9864-091CAB2497A4}.Debug|Any CPU.Build.0 = Debug|Any CPU
		{86A4E7F3-AC7C-47CE-9864-091CAB2497A4}.Release|Any CPU.ActiveCfg = Release|Any CPU
		{86A4E7F3-AC7C-47CE-9864-091CAB2497A4}.Release|Any CPU.Build.0 = Release|Any CPU
		{4D5DEDBA-4E68-45F3-ACCF-07EB108C0861}.Debug|Any CPU.ActiveCfg = Debug|Any CPU
		{4D5DEDBA-4E68-45F3-ACCF-07EB108C0861}.Debug|Any CPU.Build.0 = Debug|Any CPU
		{4D5DEDBA-4E68-45F3-ACCF-07EB108C0861}.Release|Any CPU.ActiveCfg = Release|Any CPU
		{4D5DEDBA-4E68-45F3-ACCF-07EB108C0861}.Release|Any CPU.Build.0 = Release|Any CPU
		{DDE13A48-BBFB-4A71-A2CB-DC3096511FA0}.Debug|Any CPU.ActiveCfg = Debug|Any CPU
		{DDE13A48-BBFB-4A71-A2CB-DC3096511FA0}.Debug|Any CPU.Build.0 = Debug|Any CPU
		{DDE13A48-BBFB-4A71-A2CB-DC3096511FA0}.Release|Any CPU.ActiveCfg = Release|Any CPU
		{DDE13A48-BBFB-4A71-A2CB-DC3096511FA0}.Release|Any CPU.Build.0 = Release|Any CPU
		{C4E0A844-0681-4FF2-81C7-5A07C47F92FE}.Debug|Any CPU.ActiveCfg = Debug|Any CPU
		{C4E0A844-0681-4FF2-81C7-5A07C47F92FE}.Debug|Any CPU.Build.0 = Debug|Any CPU
		{C4E0A844-0681-4FF2-81C7-5A07C47F92FE}.Release|Any CPU.ActiveCfg = Release|Any CPU
		{C4E0A844-0681-4FF2-81C7-5A07C47F92FE}.Release|Any CPU.Build.0 = Release|Any CPU
		{D5872DDD-0E17-46A4-AD38-2B668C779B14}.Debug|Any CPU.ActiveCfg = Debug|Any CPU
		{D5872DDD-0E17-46A4-AD38-2B668C779B14}.Debug|Any CPU.Build.0 = Debug|Any CPU
		{D5872DDD-0E17-46A4-AD38-2B668C779B14}.Release|Any CPU.ActiveCfg = Release|Any CPU
		{D5872DDD-0E17-46A4-AD38-2B668C779B14}.Release|Any CPU.Build.0 = Release|Any CPU
		{214C49F4-3941-4B37-89AD-C2024E8DB0FA}.Debug|Any CPU.ActiveCfg = Debug|Any CPU
		{214C49F4-3941-4B37-89AD-C2024E8DB0FA}.Debug|Any CPU.Build.0 = Debug|Any CPU
		{214C49F4-3941-4B37-89AD-C2024E8DB0FA}.Release|Any CPU.ActiveCfg = Release|Any CPU
		{214C49F4-3941-4B37-89AD-C2024E8DB0FA}.Release|Any CPU.Build.0 = Release|Any CPU
		{F3A775E4-9CE6-4781-8212-5D7922F8A946}.Debug|Any CPU.ActiveCfg = Debug|Any CPU
		{F3A775E4-9CE6-4781-8212-5D7922F8A946}.Debug|Any CPU.Build.0 = Debug|Any CPU
		{F3A775E4-9CE6-4781-8212-5D7922F8A946}.Release|Any CPU.ActiveCfg = Release|Any CPU
		{F3A775E4-9CE6-4781-8212-5D7922F8A946}.Release|Any CPU.Build.0 = Release|Any CPU
		{C5F2C9DB-79EB-402A-B423-EAD58C4ABE87}.Debug|Any CPU.ActiveCfg = Debug|Any CPU
		{C5F2C9DB-79EB-402A-B423-EAD58C4ABE87}.Debug|Any CPU.Build.0 = Debug|Any CPU
		{C5F2C9DB-79EB-402A-B423-EAD58C4ABE87}.Release|Any CPU.ActiveCfg = Release|Any CPU
		{C5F2C9DB-79EB-402A-B423-EAD58C4ABE87}.Release|Any CPU.Build.0 = Release|Any CPU
		{C33F95A5-F3CF-4315-B428-23F8D1362CBF}.Debug|Any CPU.ActiveCfg = Debug|Any CPU
		{C33F95A5-F3CF-4315-B428-23F8D1362CBF}.Debug|Any CPU.Build.0 = Debug|Any CPU
		{C33F95A5-F3CF-4315-B428-23F8D1362CBF}.Release|Any CPU.ActiveCfg = Release|Any CPU
		{C33F95A5-F3CF-4315-B428-23F8D1362CBF}.Release|Any CPU.Build.0 = Release|Any CPU
	EndGlobalSection
	GlobalSection(SolutionProperties) = preSolution
		HideSolutionNode = FALSE
	EndGlobalSection
	GlobalSection(NestedProjects) = preSolution
		{504450D6-CB0B-44ED-B780-67F7EF81DE7B} = {97A8A2EA-BA73-459D-ACEA-7FFF1685770B}
		{E21151AC-FCA4-4FF3-A4F3-DAA013F2289E} = {97A8A2EA-BA73-459D-ACEA-7FFF1685770B}
		{1FAD88D7-1C73-4B26-90A9-9E3C18C4F9C4} = {97A8A2EA-BA73-459D-ACEA-7FFF1685770B}
		{02EC656B-CD74-4BAC-9C24-F3FFF475454F} = {C8114B04-3E43-4326-A497-2E91F0B6D9B3}
		{CDA71F9D-BB13-4062-9234-DB4C71295725} = {C8114B04-3E43-4326-A497-2E91F0B6D9B3}
		{6C4B9B7D-507F-4CC1-A9A6-A658A328A177} = {C8114B04-3E43-4326-A497-2E91F0B6D9B3}
		{9A48E22B-19A1-4C9A-84EE-8F514B62D82A} = {C8114B04-3E43-4326-A497-2E91F0B6D9B3}
		{1B73DD76-5706-4E45-8FB4-758EE1F440D2} = {C8114B04-3E43-4326-A497-2E91F0B6D9B3}
		{0A89550C-7057-4475-B129-0FE5D622A21F} = {C8114B04-3E43-4326-A497-2E91F0B6D9B3}
		{1E77F84D-6750-488C-BC2D-22746365C813} = {E10190BE-E2A7-45E3-A2AA-25673191BEF6}
		{C5B7F5BB-74B1-4ED2-8DA5-40D6B37442D0} = {F722CEA2-E13E-472E-B6B1-7E14BCF6253F}
		{00715FA7-9509-4FCA-8049-802F4C2607B0} = {F722CEA2-E13E-472E-B6B1-7E14BCF6253F}
		{23D0A8D4-BD90-428A-90DE-F4BB1FC6EF35} = {1E94D273-DEDA-4F65-9666-C8D514843EA2}
		{04CCB065-E214-4303-8113-AAEBC8427306} = {1E94D273-DEDA-4F65-9666-C8D514843EA2}
		{95B7144E-066C-4BEE-A442-8C0097198694} = {5703FB6A-3FBE-49D6-8952-E0AC82D098EE}
		{8BF6CEDD-0F67-4B8B-9264-69196D90EC0A} = {5703FB6A-3FBE-49D6-8952-E0AC82D098EE}
		{FE39CE4A-0BE4-4AAF-B875-06D07FF15B5C} = {87676E67-3DD8-4657-BEF2-4504B7D2FAE4}
		{6C41F620-20E0-483A-BFAC-08BF359ECBFD} = {87676E67-3DD8-4657-BEF2-4504B7D2FAE4}
		{E5D64712-FE1B-433F-8412-35580C0C4B85} = {E10190BE-E2A7-45E3-A2AA-25673191BEF6}
		{A0098FC9-50CE-4079-BBA4-3ADB7E838671} = {0B649A23-E932-4066-BB5B-78D5345151F5}
		{6C04C95D-C60E-40A2-8494-71F32121AC56} = {0B649A23-E932-4066-BB5B-78D5345151F5}
		{9EEF4559-FA44-497D-B0B7-90FEFBF58DC5} = {A9A73432-EED6-4D4C-A2FC-6EF080DA0C91}
		{EAF336D5-AF6D-4995-9CC7-C1AD884F380C} = {A9A73432-EED6-4D4C-A2FC-6EF080DA0C91}
		{9964E730-D777-41B1-B0CE-77505CF59DA4} = {4F99D628-8627-478E-83CE-6AE36C14D0DA}
		{CFC04CC7-2FE3-4461-8A91-F148F0407965} = {041801AB-C2FF-404F-89BD-ABCADB993B2E}
		{3959CD60-2474-41D1-973B-E18ADB2D28C7} = {041801AB-C2FF-404F-89BD-ABCADB993B2E}
		{6477F5F9-D40F-4D01-AD09-82A4546799EC} = {6105719C-B272-44DD-B628-B044DE6251C6}
		{A61EF309-AB7C-4E64-9B34-AC3D5B5DABEE} = {6105719C-B272-44DD-B628-B044DE6251C6}
		{1C466193-B726-40BE-B721-5669767BD06A} = {6105719C-B272-44DD-B628-B044DE6251C6}
		{5849E6EE-AD0B-40D6-ACE9-44F6BFEF4F76} = {87676E67-3DD8-4657-BEF2-4504B7D2FAE4}
		{E184AB73-ADCB-44A9-A104-6DC4598FAE40} = {E3362F9B-4C15-4D3D-B076-D1ED7614FBD7}
		{A7B8CDBC-E5D4-4B17-932E-2D7A7484D788} = {556CEE89-84F5-4273-961C-41EC4460DA59}
		{DCB3D7A4-208C-4F2C-9A9F-ED3F514E5961} = {041801AB-C2FF-404F-89BD-ABCADB993B2E}
		{E165A4B1-B9AD-4A3D-9832-F5EC7DE25F45} = {DCB3D7A4-208C-4F2C-9A9F-ED3F514E5961}
		{76F6BFD7-6EEE-484D-A489-CD31555EA40F} = {DCB3D7A4-208C-4F2C-9A9F-ED3F514E5961}
		{F96611D4-42B7-4882-BA44-12201A5D73AF} = {E29E6ABF-4848-47E7-9BA6-183F79E55990}
		{B52F9478-0C0E-4989-B589-548769F49623} = {5289F00A-EB8F-4DFC-8877-DDBCA5FF0897}
		{0B649A23-E932-4066-BB5B-78D5345151F5} = {2249F16A-364A-4678-84E0-F101508F8F29}
		{1E94D273-DEDA-4F65-9666-C8D514843EA2} = {2249F16A-364A-4678-84E0-F101508F8F29}
		{5703FB6A-3FBE-49D6-8952-E0AC82D098EE} = {9CD4A885-D436-43EE-925C-1870A6A2CDC7}
		{F722CEA2-E13E-472E-B6B1-7E14BCF6253F} = {5424FAB3-0718-4238-97C1-ACECAE45F2D1}
		{E10190BE-E2A7-45E3-A2AA-25673191BEF6} = {5424FAB3-0718-4238-97C1-ACECAE45F2D1}
		{A9A73432-EED6-4D4C-A2FC-6EF080DA0C91} = {5424FAB3-0718-4238-97C1-ACECAE45F2D1}
		{11E2A57B-6F93-43BD-BF7B-4367192EE646} = {6105719C-B272-44DD-B628-B044DE6251C6}
		{DC6C8BC6-759F-48A1-B485-5C10682CCB38} = {11E2A57B-6F93-43BD-BF7B-4367192EE646}
		{E7D7D795-7481-4A87-A3EC-082B413681B5} = {11E2A57B-6F93-43BD-BF7B-4367192EE646}
		{6EB9E7B9-EAEC-4B66-86F1-93729135258B} = {11E2A57B-6F93-43BD-BF7B-4367192EE646}
		{5620FE62-ECAF-44EF-9761-664C2CF932A6} = {D4930142-3857-4695-8ACF-E3E53BFE2D85}
		{BFB1E3F4-6577-475B-93B5-9D01556D94F1} = {D4930142-3857-4695-8ACF-E3E53BFE2D85}
		{D9299E81-6760-4A33-8ECF-242C3853D50F} = {D4930142-3857-4695-8ACF-E3E53BFE2D85}
		{8446D3DE-2475-4904-8DF5-C79E7B24F0CC} = {D4930142-3857-4695-8ACF-E3E53BFE2D85}
		{9CFBF53A-938B-4670-A663-48D69B20907B} = {5301EDFE-B323-435D-8EFD-D1472719F6C5}
		{E577D666-71C4-4DA2-A712-C602A8440EBE} = {5301EDFE-B323-435D-8EFD-D1472719F6C5}
		{C54C70AA-1837-492C-8BA5-104C30AD4EDF} = {5301EDFE-B323-435D-8EFD-D1472719F6C5}
		{86A4E7F3-AC7C-47CE-9864-091CAB2497A4} = {E3362F9B-4C15-4D3D-B076-D1ED7614FBD7}
		{4D5DEDBA-4E68-45F3-ACCF-07EB108C0861} = {E3362F9B-4C15-4D3D-B076-D1ED7614FBD7}
		{DDE13A48-BBFB-4A71-A2CB-DC3096511FA0} = {E3362F9B-4C15-4D3D-B076-D1ED7614FBD7}
		{C4E0A844-0681-4FF2-81C7-5A07C47F92FE} = {B1BDF45A-DB63-41BF-A31F-9F7F792D8DEE}
		{D5872DDD-0E17-46A4-AD38-2B668C779B14} = {B1BDF45A-DB63-41BF-A31F-9F7F792D8DEE}
		{B1BDF45A-DB63-41BF-A31F-9F7F792D8DEE} = {5289F00A-EB8F-4DFC-8877-DDBCA5FF0897}
		{214C49F4-3941-4B37-89AD-C2024E8DB0FA} = {B1BDF45A-DB63-41BF-A31F-9F7F792D8DEE}
		{F3A775E4-9CE6-4781-8212-5D7922F8A946} = {25924455-4792-4ACD-A79F-ACBD22DBADB9}
		{C5F2C9DB-79EB-402A-B423-EAD58C4ABE87} = {25924455-4792-4ACD-A79F-ACBD22DBADB9}
		{083A8185-0AEA-4F27-AC96-9DE94C27A47F} = {4A98A925-1AFD-4E83-B864-CB80AB529EB8}
		{556CEE89-84F5-4273-961C-41EC4460DA59} = {4A98A925-1AFD-4E83-B864-CB80AB529EB8}
		{C33F95A5-F3CF-4315-B428-23F8D1362CBF} = {083A8185-0AEA-4F27-AC96-9DE94C27A47F}
	EndGlobalSection
	GlobalSection(ExtensibilityGlobals) = postSolution
		SolutionGuid = {74F6C53F-2C0F-431D-8F99-5D757E64541E}
	EndGlobalSection
EndGlobal
